// !$*UTF8*$!
{
	archiveVersion = 1;
	classes = {
	};
	objectVersion = 55;
	objects = {

/* Begin PBXBuildFile section */
		851AEA7328A0DE83009E13C6 /* TMDBMovieAPIManager.swift in Sources */ = {isa = PBXBuildFile; fileRef = 851AEA7228A0DE83009E13C6 /* TMDBMovieAPIManager.swift */; };
		851AEA7A28A0EC95009E13C6 /* Binggrae-Bold.ttf in Resources */ = {isa = PBXBuildFile; fileRef = 851AEA7828A0EC94009E13C6 /* Binggrae-Bold.ttf */; };
		851AEA7B28A0EC95009E13C6 /* Binggrae.ttf in Resources */ = {isa = PBXBuildFile; fileRef = 851AEA7928A0EC95009E13C6 /* Binggrae.ttf */; };
		85243A7228A238C80018DB14 /* CardView.xib in Resources */ = {isa = PBXBuildFile; fileRef = 85243A7128A238C80018DB14 /* CardView.xib */; };
		85243A7428A23B820018DB14 /* CardView.swift in Sources */ = {isa = PBXBuildFile; fileRef = 85243A7328A23B820018DB14 /* CardView.swift */; };
		855563F228A52A2900C1D4E2 /* Theater.storyboard in Resources */ = {isa = PBXBuildFile; fileRef = 855563F128A52A2900C1D4E2 /* Theater.storyboard */; };
		855563F428A52A3B00C1D4E2 /* TheaterViewController.swift in Sources */ = {isa = PBXBuildFile; fileRef = 855563F328A52A3B00C1D4E2 /* TheaterViewController.swift */; };
		855563F628A52D5200C1D4E2 /* StoryboardName.swift in Sources */ = {isa = PBXBuildFile; fileRef = 855563F528A52D5200C1D4E2 /* StoryboardName.swift */; };
		855563F828A53F1700C1D4E2 /* TheaterModel.swift in Sources */ = {isa = PBXBuildFile; fileRef = 855563F728A53F1700C1D4E2 /* TheaterModel.swift */; };
		855563FA28A53F3E00C1D4E2 /* TheaterData.swift in Sources */ = {isa = PBXBuildFile; fileRef = 855563F928A53F3E00C1D4E2 /* TheaterData.swift */; };
		855987CF289BB5C400A5E724 /* Detail.storyboard in Resources */ = {isa = PBXBuildFile; fileRef = 855987CE289BB5C400A5E724 /* Detail.storyboard */; };
		855987D1289BB60600A5E724 /* DetailViewController.swift in Sources */ = {isa = PBXBuildFile; fileRef = 855987D0289BB60600A5E724 /* DetailViewController.swift */; };
		855987D6289BBB8000A5E724 /* CastTableViewCell.swift in Sources */ = {isa = PBXBuildFile; fileRef = 855987D4289BBB8000A5E724 /* CastTableViewCell.swift */; };
		855987D7289BBB8000A5E724 /* CastTableViewCell.xib in Resources */ = {isa = PBXBuildFile; fileRef = 855987D5289BBB8000A5E724 /* CastTableViewCell.xib */; };
		855987D9289BE96D00A5E724 /* MovieCastModel.swift in Sources */ = {isa = PBXBuildFile; fileRef = 855987D8289BE96D00A5E724 /* MovieCastModel.swift */; };
		855E10B1289FEA3D00024E42 /* Web.storyboard in Resources */ = {isa = PBXBuildFile; fileRef = 855E10B0289FEA3D00024E42 /* Web.storyboard */; };
		855E10B3289FEB4900024E42 /* WebViewController.swift in Sources */ = {isa = PBXBuildFile; fileRef = 855E10B2289FEB4900024E42 /* WebViewController.swift */; };
		856E5C3E289C037800CA058B /* OverViewTableViewCell.swift in Sources */ = {isa = PBXBuildFile; fileRef = 856E5C3C289C037800CA058B /* OverViewTableViewCell.swift */; };
		856E5C3F289C037800CA058B /* OverViewTableViewCell.xib in Resources */ = {isa = PBXBuildFile; fileRef = 856E5C3D289C037800CA058B /* OverViewTableViewCell.xib */; };
		856E5C42289C0CEB00CA058B /* MoiveCrewModel.swift in Sources */ = {isa = PBXBuildFile; fileRef = 856E5C41289C0CEA00CA058B /* MoiveCrewModel.swift */; };
		85777D9E28A230B4001A4BC1 /* Recommand.storyboard in Resources */ = {isa = PBXBuildFile; fileRef = 85777D9D28A230B4001A4BC1 /* Recommand.storyboard */; };
		85777DA028A230D4001A4BC1 /* RecommandViewController.swift in Sources */ = {isa = PBXBuildFile; fileRef = 85777D9F28A230D4001A4BC1 /* RecommandViewController.swift */; };
		85777DA328A23467001A4BC1 /* RecommandTableViewCell.swift in Sources */ = {isa = PBXBuildFile; fileRef = 85777DA228A23467001A4BC1 /* RecommandTableViewCell.swift */; };
		85777DA628A23479001A4BC1 /* RecommandCollectionViewCell.swift in Sources */ = {isa = PBXBuildFile; fileRef = 85777DA428A23479001A4BC1 /* RecommandCollectionViewCell.swift */; };
		85777DA728A23479001A4BC1 /* RecommandCollectionViewCell.xib in Resources */ = {isa = PBXBuildFile; fileRef = 85777DA528A23479001A4BC1 /* RecommandCollectionViewCell.xib */; };
		85906D402899F6D2001468AE /* AppDelegate.swift in Sources */ = {isa = PBXBuildFile; fileRef = 85906D3F2899F6D2001468AE /* AppDelegate.swift */; };
		85906D422899F6D2001468AE /* SceneDelegate.swift in Sources */ = {isa = PBXBuildFile; fileRef = 85906D412899F6D2001468AE /* SceneDelegate.swift */; };
		85906D472899F6D2001468AE /* List.storyboard in Resources */ = {isa = PBXBuildFile; fileRef = 85906D452899F6D2001468AE /* List.storyboard */; };
		85906D492899F6D3001468AE /* Assets.xcassets in Resources */ = {isa = PBXBuildFile; fileRef = 85906D482899F6D3001468AE /* Assets.xcassets */; };
		85906D4C2899F6D3001468AE /* LaunchScreen.storyboard in Resources */ = {isa = PBXBuildFile; fileRef = 85906D4A2899F6D3001468AE /* LaunchScreen.storyboard */; };
		85906D542899F7DB001468AE /* .gitignore in Resources */ = {isa = PBXBuildFile; fileRef = 85906D532899F7DB001468AE /* .gitignore */; };
		85906D562899F88B001468AE /* APIKey.swift in Sources */ = {isa = PBXBuildFile; fileRef = 85906D552899F88B001468AE /* APIKey.swift */; };
		85906D582899F9DC001468AE /* Constant.swift in Sources */ = {isa = PBXBuildFile; fileRef = 85906D572899F9DC001468AE /* Constant.swift */; };
		85906D88289A5835001468AE /* ListViewController.swift in Sources */ = {isa = PBXBuildFile; fileRef = 85906D87289A5835001468AE /* ListViewController.swift */; };
		85906D8B289A58B4001468AE /* Kingfisher in Frameworks */ = {isa = PBXBuildFile; productRef = 85906D8A289A58B4001468AE /* Kingfisher */; };
		85906D8E289A58D4001468AE /* Alamofire in Frameworks */ = {isa = PBXBuildFile; productRef = 85906D8D289A58D4001468AE /* Alamofire */; };
		85906D91289A58E6001468AE /* SwiftyJSON in Frameworks */ = {isa = PBXBuildFile; productRef = 85906D90289A58E6001468AE /* SwiftyJSON */; };
		85906D95289A6D27001468AE /* ReusableViewProtocol.swift in Sources */ = {isa = PBXBuildFile; fileRef = 85906D94289A6D27001468AE /* ReusableViewProtocol.swift */; };
		85906D9B289A6DD2001468AE /* ListCollectionViewCell.swift in Sources */ = {isa = PBXBuildFile; fileRef = 85906D99289A6DD2001468AE /* ListCollectionViewCell.swift */; };
		85906D9C289A6DD2001468AE /* ListCollectionViewCell.xib in Resources */ = {isa = PBXBuildFile; fileRef = 85906D9A289A6DD2001468AE /* ListCollectionViewCell.xib */; };
		85906D9E289A8201001468AE /* TrendListModel.swift in Sources */ = {isa = PBXBuildFile; fileRef = 85906D9D289A8201001468AE /* TrendListModel.swift */; };
/* End PBXBuildFile section */

/* Begin PBXFileReference section */
		851AEA7228A0DE83009E13C6 /* TMDBMovieAPIManager.swift */ = {isa = PBXFileReference; lastKnownFileType = sourcecode.swift; path = TMDBMovieAPIManager.swift; sourceTree = "<group>"; };
		851AEA7828A0EC94009E13C6 /* Binggrae-Bold.ttf */ = {isa = PBXFileReference; lastKnownFileType = file; path = "Binggrae-Bold.ttf"; sourceTree = "<group>"; };
		851AEA7928A0EC95009E13C6 /* Binggrae.ttf */ = {isa = PBXFileReference; lastKnownFileType = file; path = Binggrae.ttf; sourceTree = "<group>"; };
		85243A7128A238C80018DB14 /* CardView.xib */ = {isa = PBXFileReference; lastKnownFileType = file.xib; path = CardView.xib; sourceTree = "<group>"; };
		85243A7328A23B820018DB14 /* CardView.swift */ = {isa = PBXFileReference; lastKnownFileType = sourcecode.swift; path = CardView.swift; sourceTree = "<group>"; };
		855563F128A52A2900C1D4E2 /* Theater.storyboard */ = {isa = PBXFileReference; lastKnownFileType = file.storyboard; path = Theater.storyboard; sourceTree = "<group>"; };
		855563F328A52A3B00C1D4E2 /* TheaterViewController.swift */ = {isa = PBXFileReference; lastKnownFileType = sourcecode.swift; path = TheaterViewController.swift; sourceTree = "<group>"; };
		855563F528A52D5200C1D4E2 /* StoryboardName.swift */ = {isa = PBXFileReference; lastKnownFileType = sourcecode.swift; path = StoryboardName.swift; sourceTree = "<group>"; };
		855563F728A53F1700C1D4E2 /* TheaterModel.swift */ = {isa = PBXFileReference; lastKnownFileType = sourcecode.swift; path = TheaterModel.swift; sourceTree = "<group>"; };
		855563F928A53F3E00C1D4E2 /* TheaterData.swift */ = {isa = PBXFileReference; lastKnownFileType = sourcecode.swift; path = TheaterData.swift; sourceTree = "<group>"; };
		855987CE289BB5C400A5E724 /* Detail.storyboard */ = {isa = PBXFileReference; lastKnownFileType = file.storyboard; path = Detail.storyboard; sourceTree = "<group>"; };
		855987D0289BB60600A5E724 /* DetailViewController.swift */ = {isa = PBXFileReference; lastKnownFileType = sourcecode.swift; path = DetailViewController.swift; sourceTree = "<group>"; };
		855987D4289BBB8000A5E724 /* CastTableViewCell.swift */ = {isa = PBXFileReference; lastKnownFileType = sourcecode.swift; path = CastTableViewCell.swift; sourceTree = "<group>"; };
		855987D5289BBB8000A5E724 /* CastTableViewCell.xib */ = {isa = PBXFileReference; lastKnownFileType = file.xib; path = CastTableViewCell.xib; sourceTree = "<group>"; };
		855987D8289BE96D00A5E724 /* MovieCastModel.swift */ = {isa = PBXFileReference; lastKnownFileType = sourcecode.swift; path = MovieCastModel.swift; sourceTree = "<group>"; };
		855E10B0289FEA3D00024E42 /* Web.storyboard */ = {isa = PBXFileReference; lastKnownFileType = file.storyboard; path = Web.storyboard; sourceTree = "<group>"; };
		855E10B2289FEB4900024E42 /* WebViewController.swift */ = {isa = PBXFileReference; lastKnownFileType = sourcecode.swift; path = WebViewController.swift; sourceTree = "<group>"; };
		856E5C3C289C037800CA058B /* OverViewTableViewCell.swift */ = {isa = PBXFileReference; lastKnownFileType = sourcecode.swift; path = OverViewTableViewCell.swift; sourceTree = "<group>"; };
		856E5C3D289C037800CA058B /* OverViewTableViewCell.xib */ = {isa = PBXFileReference; lastKnownFileType = file.xib; path = OverViewTableViewCell.xib; sourceTree = "<group>"; };
		856E5C41289C0CEA00CA058B /* MoiveCrewModel.swift */ = {isa = PBXFileReference; lastKnownFileType = sourcecode.swift; path = MoiveCrewModel.swift; sourceTree = "<group>"; };
		85777D9D28A230B4001A4BC1 /* Recommand.storyboard */ = {isa = PBXFileReference; lastKnownFileType = file.storyboard; path = Recommand.storyboard; sourceTree = "<group>"; };
		85777D9F28A230D4001A4BC1 /* RecommandViewController.swift */ = {isa = PBXFileReference; lastKnownFileType = sourcecode.swift; path = RecommandViewController.swift; sourceTree = "<group>"; };
		85777DA228A23467001A4BC1 /* RecommandTableViewCell.swift */ = {isa = PBXFileReference; lastKnownFileType = sourcecode.swift; path = RecommandTableViewCell.swift; sourceTree = "<group>"; };
		85777DA428A23479001A4BC1 /* RecommandCollectionViewCell.swift */ = {isa = PBXFileReference; lastKnownFileType = sourcecode.swift; path = RecommandCollectionViewCell.swift; sourceTree = "<group>"; };
		85777DA528A23479001A4BC1 /* RecommandCollectionViewCell.xib */ = {isa = PBXFileReference; lastKnownFileType = file.xib; path = RecommandCollectionViewCell.xib; sourceTree = "<group>"; };
		85906D3C2899F6D2001468AE /* TMDBProject.app */ = {isa = PBXFileReference; explicitFileType = wrapper.application; includeInIndex = 0; path = TMDBProject.app; sourceTree = BUILT_PRODUCTS_DIR; };
		85906D3F2899F6D2001468AE /* AppDelegate.swift */ = {isa = PBXFileReference; lastKnownFileType = sourcecode.swift; path = AppDelegate.swift; sourceTree = "<group>"; };
		85906D412899F6D2001468AE /* SceneDelegate.swift */ = {isa = PBXFileReference; lastKnownFileType = sourcecode.swift; path = SceneDelegate.swift; sourceTree = "<group>"; };
		85906D462899F6D2001468AE /* Base */ = {isa = PBXFileReference; lastKnownFileType = file.storyboard; name = Base; path = Base.lproj/List.storyboard; sourceTree = "<group>"; };
		85906D482899F6D3001468AE /* Assets.xcassets */ = {isa = PBXFileReference; lastKnownFileType = folder.assetcatalog; path = Assets.xcassets; sourceTree = "<group>"; };
		85906D4B2899F6D3001468AE /* Base */ = {isa = PBXFileReference; lastKnownFileType = file.storyboard; name = Base; path = Base.lproj/LaunchScreen.storyboard; sourceTree = "<group>"; };
		85906D4D2899F6D3001468AE /* Info.plist */ = {isa = PBXFileReference; lastKnownFileType = text.plist.xml; path = Info.plist; sourceTree = "<group>"; };
		85906D532899F7DB001468AE /* .gitignore */ = {isa = PBXFileReference; lastKnownFileType = text; path = .gitignore; sourceTree = "<group>"; };
		85906D552899F88B001468AE /* APIKey.swift */ = {isa = PBXFileReference; lastKnownFileType = sourcecode.swift; path = APIKey.swift; sourceTree = "<group>"; };
		85906D572899F9DC001468AE /* Constant.swift */ = {isa = PBXFileReference; lastKnownFileType = sourcecode.swift; path = Constant.swift; sourceTree = "<group>"; };
		85906D87289A5835001468AE /* ListViewController.swift */ = {isa = PBXFileReference; lastKnownFileType = sourcecode.swift; path = ListViewController.swift; sourceTree = "<group>"; };
		85906D94289A6D27001468AE /* ReusableViewProtocol.swift */ = {isa = PBXFileReference; lastKnownFileType = sourcecode.swift; path = ReusableViewProtocol.swift; sourceTree = "<group>"; };
		85906D99289A6DD2001468AE /* ListCollectionViewCell.swift */ = {isa = PBXFileReference; lastKnownFileType = sourcecode.swift; path = ListCollectionViewCell.swift; sourceTree = "<group>"; };
		85906D9A289A6DD2001468AE /* ListCollectionViewCell.xib */ = {isa = PBXFileReference; lastKnownFileType = file.xib; path = ListCollectionViewCell.xib; sourceTree = "<group>"; };
		85906D9D289A8201001468AE /* TrendListModel.swift */ = {isa = PBXFileReference; lastKnownFileType = sourcecode.swift; path = TrendListModel.swift; sourceTree = "<group>"; };
/* End PBXFileReference section */

/* Begin PBXFrameworksBuildPhase section */
		85906D392899F6D2001468AE /* Frameworks */ = {
			isa = PBXFrameworksBuildPhase;
			buildActionMask = 2147483647;
			files = (
				85906D91289A58E6001468AE /* SwiftyJSON in Frameworks */,
				85906D8B289A58B4001468AE /* Kingfisher in Frameworks */,
				85906D8E289A58D4001468AE /* Alamofire in Frameworks */,
			);
			runOnlyForDeploymentPostprocessing = 0;
		};
/* End PBXFrameworksBuildPhase section */

/* Begin PBXGroup section */
		851AEA7428A0DF82009E13C6 /* APIManager */ = {
			isa = PBXGroup;
			children = (
				851AEA7228A0DE83009E13C6 /* TMDBMovieAPIManager.swift */,
			);
			path = APIManager;
			sourceTree = "<group>";
		};
		851AEA7528A0EB26009E13C6 /* Resource */ = {
			isa = PBXGroup;
			children = (
				851AEA7828A0EC94009E13C6 /* Binggrae-Bold.ttf */,
				851AEA7928A0EC95009E13C6 /* Binggrae.ttf */,
			);
			path = Resource;
			sourceTree = "<group>";
		};
		85243A6E28A236FA0018DB14 /* View */ = {
			isa = PBXGroup;
			children = (
				85243A7128A238C80018DB14 /* CardView.xib */,
				85243A7328A23B820018DB14 /* CardView.swift */,
			);
			path = View;
			sourceTree = "<group>";
		};
		855563F028A52A0100C1D4E2 /* Theater */ = {
			isa = PBXGroup;
			children = (
				855563F128A52A2900C1D4E2 /* Theater.storyboard */,
				855563F328A52A3B00C1D4E2 /* TheaterViewController.swift */,
				855563F928A53F3E00C1D4E2 /* TheaterData.swift */,
			);
			path = Theater;
			sourceTree = "<group>";
		};
		855987CD289BB5B800A5E724 /* Detail */ = {
			isa = PBXGroup;
			children = (
				856E5C3D289C037800CA058B /* OverViewTableViewCell.xib */,
				856E5C3C289C037800CA058B /* OverViewTableViewCell.swift */,
				855987CE289BB5C400A5E724 /* Detail.storyboard */,
				855987D4289BBB8000A5E724 /* CastTableViewCell.swift */,
				855987D5289BBB8000A5E724 /* CastTableViewCell.xib */,
				855987D0289BB60600A5E724 /* DetailViewController.swift */,
			);
			path = Detail;
			sourceTree = "<group>";
		};
		855E10AF289FEA1F00024E42 /* Web */ = {
			isa = PBXGroup;
			children = (
				855E10B0289FEA3D00024E42 /* Web.storyboard */,
				855E10B2289FEB4900024E42 /* WebViewController.swift */,
			);
			path = Web;
			sourceTree = "<group>";
		};
		85777D9C28A23094001A4BC1 /* Recommand */ = {
			isa = PBXGroup;
			children = (
				85777D9F28A230D4001A4BC1 /* RecommandViewController.swift */,
				85777D9D28A230B4001A4BC1 /* Recommand.storyboard */,
				85777DA228A23467001A4BC1 /* RecommandTableViewCell.swift */,
				85777DA428A23479001A4BC1 /* RecommandCollectionViewCell.swift */,
				85777DA528A23479001A4BC1 /* RecommandCollectionViewCell.xib */,
			);
			path = Recommand;
			sourceTree = "<group>";
		};
		85906D332899F6D2001468AE = {
			isa = PBXGroup;
			children = (
				85906D532899F7DB001468AE /* .gitignore */,
				85906D3E2899F6D2001468AE /* TMDBProject */,
				85906D3D2899F6D2001468AE /* Products */,
			);
			sourceTree = "<group>";
		};
		85906D3D2899F6D2001468AE /* Products */ = {
			isa = PBXGroup;
			children = (
				85906D3C2899F6D2001468AE /* TMDBProject.app */,
			);
			name = Products;
			sourceTree = "<group>";
		};
		85906D3E2899F6D2001468AE /* TMDBProject */ = {
			isa = PBXGroup;
			children = (
				855563F028A52A0100C1D4E2 /* Theater */,
				85243A6E28A236FA0018DB14 /* View */,
				85777D9C28A23094001A4BC1 /* Recommand */,
				851AEA7528A0EB26009E13C6 /* Resource */,
				851AEA7428A0DF82009E13C6 /* APIManager */,
				855E10AF289FEA1F00024E42 /* Web */,
				855987CD289BB5B800A5E724 /* Detail */,
				85906D5A2899FA8B001468AE /* Key */,
				85906D9F289A8271001468AE /* Model */,
				85906D98289A6DB1001468AE /* List */,
				85906D93289A6D01001468AE /* Protocol */,
				85906D92289A6CED001468AE /* Extension */,
				85906D3F2899F6D2001468AE /* AppDelegate.swift */,
				85906D412899F6D2001468AE /* SceneDelegate.swift */,
				85906D482899F6D3001468AE /* Assets.xcassets */,
				85906D4A2899F6D3001468AE /* LaunchScreen.storyboard */,
				85906D4D2899F6D3001468AE /* Info.plist */,
				855563F528A52D5200C1D4E2 /* StoryboardName.swift */,
			);
			path = TMDBProject;
			sourceTree = "<group>";
		};
		85906D5A2899FA8B001468AE /* Key */ = {
			isa = PBXGroup;
			children = (
				85906D572899F9DC001468AE /* Constant.swift */,
				85906D552899F88B001468AE /* APIKey.swift */,
			);
			path = Key;
			sourceTree = "<group>";
		};
		85906D92289A6CED001468AE /* Extension */ = {
			isa = PBXGroup;
			children = (
			);
			path = Extension;
			sourceTree = "<group>";
		};
		85906D93289A6D01001468AE /* Protocol */ = {
			isa = PBXGroup;
			children = (
				85906D94289A6D27001468AE /* ReusableViewProtocol.swift */,
			);
			path = Protocol;
			sourceTree = "<group>";
		};
		85906D98289A6DB1001468AE /* List */ = {
			isa = PBXGroup;
			children = (
				85906D452899F6D2001468AE /* List.storyboard */,
				85906D87289A5835001468AE /* ListViewController.swift */,
				85906D99289A6DD2001468AE /* ListCollectionViewCell.swift */,
				85906D9A289A6DD2001468AE /* ListCollectionViewCell.xib */,
			);
			path = List;
			sourceTree = "<group>";
		};
		85906D9F289A8271001468AE /* Model */ = {
			isa = PBXGroup;
			children = (
				855987D8289BE96D00A5E724 /* MovieCastModel.swift */,
				85906D9D289A8201001468AE /* TrendListModel.swift */,
				856E5C41289C0CEA00CA058B /* MoiveCrewModel.swift */,
				855563F728A53F1700C1D4E2 /* TheaterModel.swift */,
			);
			path = Model;
			sourceTree = "<group>";
		};
/* End PBXGroup section */

/* Begin PBXNativeTarget section */
		85906D3B2899F6D2001468AE /* TMDBProject */ = {
			isa = PBXNativeTarget;
			buildConfigurationList = 85906D502899F6D3001468AE /* Build configuration list for PBXNativeTarget "TMDBProject" */;
			buildPhases = (
				85906D382899F6D2001468AE /* Sources */,
				85906D392899F6D2001468AE /* Frameworks */,
				85906D3A2899F6D2001468AE /* Resources */,
			);
			buildRules = (
			);
			dependencies = (
			);
			name = TMDBProject;
			packageProductDependencies = (
				85906D8A289A58B4001468AE /* Kingfisher */,
				85906D8D289A58D4001468AE /* Alamofire */,
				85906D90289A58E6001468AE /* SwiftyJSON */,
			);
			productName = TMDBProject;
			productReference = 85906D3C2899F6D2001468AE /* TMDBProject.app */;
			productType = "com.apple.product-type.application";
		};
/* End PBXNativeTarget section */

/* Begin PBXProject section */
		85906D342899F6D2001468AE /* Project object */ = {
			isa = PBXProject;
			attributes = {
				BuildIndependentTargetsInParallel = 1;
				LastSwiftUpdateCheck = 1340;
				LastUpgradeCheck = 1340;
				TargetAttributes = {
					85906D3B2899F6D2001468AE = {
						CreatedOnToolsVersion = 13.4.1;
					};
				};
			};
			buildConfigurationList = 85906D372899F6D2001468AE /* Build configuration list for PBXProject "TMDBProject" */;
			compatibilityVersion = "Xcode 13.0";
			developmentRegion = en;
			hasScannedForEncodings = 0;
			knownRegions = (
				en,
				Base,
			);
			mainGroup = 85906D332899F6D2001468AE;
			packageReferences = (
				85906D89289A58B4001468AE /* XCRemoteSwiftPackageReference "Kingfisher" */,
				85906D8C289A58D4001468AE /* XCRemoteSwiftPackageReference "Alamofire" */,
				85906D8F289A58E6001468AE /* XCRemoteSwiftPackageReference "SwiftyJSON" */,
			);
			productRefGroup = 85906D3D2899F6D2001468AE /* Products */;
			projectDirPath = "";
			projectRoot = "";
			targets = (
				85906D3B2899F6D2001468AE /* TMDBProject */,
			);
		};
/* End PBXProject section */

/* Begin PBXResourcesBuildPhase section */
		85906D3A2899F6D2001468AE /* Resources */ = {
			isa = PBXResourcesBuildPhase;
			buildActionMask = 2147483647;
			files = (
				85777DA728A23479001A4BC1 /* RecommandCollectionViewCell.xib in Resources */,
				855563F228A52A2900C1D4E2 /* Theater.storyboard in Resources */,
				85906D9C289A6DD2001468AE /* ListCollectionViewCell.xib in Resources */,
				855987D7289BBB8000A5E724 /* CastTableViewCell.xib in Resources */,
				855E10B1289FEA3D00024E42 /* Web.storyboard in Resources */,
				85906D542899F7DB001468AE /* .gitignore in Resources */,
				85906D4C2899F6D3001468AE /* LaunchScreen.storyboard in Resources */,
				85777D9E28A230B4001A4BC1 /* Recommand.storyboard in Resources */,
				856E5C3F289C037800CA058B /* OverViewTableViewCell.xib in Resources */,
				851AEA7B28A0EC95009E13C6 /* Binggrae.ttf in Resources */,
				85906D492899F6D3001468AE /* Assets.xcassets in Resources */,
				85243A7228A238C80018DB14 /* CardView.xib in Resources */,
				855987CF289BB5C400A5E724 /* Detail.storyboard in Resources */,
				851AEA7A28A0EC95009E13C6 /* Binggrae-Bold.ttf in Resources */,
				85906D472899F6D2001468AE /* List.storyboard in Resources */,
			);
			runOnlyForDeploymentPostprocessing = 0;
		};
/* End PBXResourcesBuildPhase section */

/* Begin PBXSourcesBuildPhase section */
		85906D382899F6D2001468AE /* Sources */ = {
			isa = PBXSourcesBuildPhase;
			buildActionMask = 2147483647;
			files = (
				856E5C42289C0CEB00CA058B /* MoiveCrewModel.swift in Sources */,
				855563FA28A53F3E00C1D4E2 /* TheaterData.swift in Sources */,
				855987D1289BB60600A5E724 /* DetailViewController.swift in Sources */,
				85906D402899F6D2001468AE /* AppDelegate.swift in Sources */,
				85906D9B289A6DD2001468AE /* ListCollectionViewCell.swift in Sources */,
				85906D582899F9DC001468AE /* Constant.swift in Sources */,
				856E5C3E289C037800CA058B /* OverViewTableViewCell.swift in Sources */,
				85906D9E289A8201001468AE /* TrendListModel.swift in Sources */,
				85243A7428A23B820018DB14 /* CardView.swift in Sources */,
				85777DA628A23479001A4BC1 /* RecommandCollectionViewCell.swift in Sources */,
				855563F828A53F1700C1D4E2 /* TheaterModel.swift in Sources */,
				855563F628A52D5200C1D4E2 /* StoryboardName.swift in Sources */,
				85906D562899F88B001468AE /* APIKey.swift in Sources */,
				855987D6289BBB8000A5E724 /* CastTableViewCell.swift in Sources */,
				855987D9289BE96D00A5E724 /* MovieCastModel.swift in Sources */,
				85906D88289A5835001468AE /* ListViewController.swift in Sources */,
				85777DA328A23467001A4BC1 /* RecommandTableViewCell.swift in Sources */,
				855E10B3289FEB4900024E42 /* WebViewController.swift in Sources */,
				851AEA7328A0DE83009E13C6 /* TMDBMovieAPIManager.swift in Sources */,
				85777DA028A230D4001A4BC1 /* RecommandViewController.swift in Sources */,
				85906D422899F6D2001468AE /* SceneDelegate.swift in Sources */,
				855563F428A52A3B00C1D4E2 /* TheaterViewController.swift in Sources */,
				85906D95289A6D27001468AE /* ReusableViewProtocol.swift in Sources */,
			);
			runOnlyForDeploymentPostprocessing = 0;
		};
/* End PBXSourcesBuildPhase section */

/* Begin PBXVariantGroup section */
		85906D452899F6D2001468AE /* List.storyboard */ = {
			isa = PBXVariantGroup;
			children = (
				85906D462899F6D2001468AE /* Base */,
			);
			name = List.storyboard;
			sourceTree = "<group>";
		};
		85906D4A2899F6D3001468AE /* LaunchScreen.storyboard */ = {
			isa = PBXVariantGroup;
			children = (
				85906D4B2899F6D3001468AE /* Base */,
			);
			name = LaunchScreen.storyboard;
			sourceTree = "<group>";
		};
/* End PBXVariantGroup section */

/* Begin XCBuildConfiguration section */
		85906D4E2899F6D3001468AE /* Debug */ = {
			isa = XCBuildConfiguration;
			buildSettings = {
				ALWAYS_SEARCH_USER_PATHS = NO;
				CLANG_ANALYZER_NONNULL = YES;
				CLANG_ANALYZER_NUMBER_OBJECT_CONVERSION = YES_AGGRESSIVE;
				CLANG_CXX_LANGUAGE_STANDARD = "gnu++17";
				CLANG_ENABLE_MODULES = YES;
				CLANG_ENABLE_OBJC_ARC = YES;
				CLANG_ENABLE_OBJC_WEAK = YES;
				CLANG_WARN_BLOCK_CAPTURE_AUTORELEASING = YES;
				CLANG_WARN_BOOL_CONVERSION = YES;
				CLANG_WARN_COMMA = YES;
				CLANG_WARN_CONSTANT_CONVERSION = YES;
				CLANG_WARN_DEPRECATED_OBJC_IMPLEMENTATIONS = YES;
				CLANG_WARN_DIRECT_OBJC_ISA_USAGE = YES_ERROR;
				CLANG_WARN_DOCUMENTATION_COMMENTS = YES;
				CLANG_WARN_EMPTY_BODY = YES;
				CLANG_WARN_ENUM_CONVERSION = YES;
				CLANG_WARN_INFINITE_RECURSION = YES;
				CLANG_WARN_INT_CONVERSION = YES;
				CLANG_WARN_NON_LITERAL_NULL_CONVERSION = YES;
				CLANG_WARN_OBJC_IMPLICIT_RETAIN_SELF = YES;
				CLANG_WARN_OBJC_LITERAL_CONVERSION = YES;
				CLANG_WARN_OBJC_ROOT_CLASS = YES_ERROR;
				CLANG_WARN_QUOTED_INCLUDE_IN_FRAMEWORK_HEADER = YES;
				CLANG_WARN_RANGE_LOOP_ANALYSIS = YES;
				CLANG_WARN_STRICT_PROTOTYPES = YES;
				CLANG_WARN_SUSPICIOUS_MOVE = YES;
				CLANG_WARN_UNGUARDED_AVAILABILITY = YES_AGGRESSIVE;
				CLANG_WARN_UNREACHABLE_CODE = YES;
				CLANG_WARN__DUPLICATE_METHOD_MATCH = YES;
				COPY_PHASE_STRIP = NO;
				DEBUG_INFORMATION_FORMAT = dwarf;
				ENABLE_STRICT_OBJC_MSGSEND = YES;
				ENABLE_TESTABILITY = YES;
				GCC_C_LANGUAGE_STANDARD = gnu11;
				GCC_DYNAMIC_NO_PIC = NO;
				GCC_NO_COMMON_BLOCKS = YES;
				GCC_OPTIMIZATION_LEVEL = 0;
				GCC_PREPROCESSOR_DEFINITIONS = (
					"DEBUG=1",
					"$(inherited)",
				);
				GCC_WARN_64_TO_32_BIT_CONVERSION = YES;
				GCC_WARN_ABOUT_RETURN_TYPE = YES_ERROR;
				GCC_WARN_UNDECLARED_SELECTOR = YES;
				GCC_WARN_UNINITIALIZED_AUTOS = YES_AGGRESSIVE;
				GCC_WARN_UNUSED_FUNCTION = YES;
				GCC_WARN_UNUSED_VARIABLE = YES;
				IPHONEOS_DEPLOYMENT_TARGET = 15.5;
				MTL_ENABLE_DEBUG_INFO = INCLUDE_SOURCE;
				MTL_FAST_MATH = YES;
				ONLY_ACTIVE_ARCH = YES;
				SDKROOT = iphoneos;
				SWIFT_ACTIVE_COMPILATION_CONDITIONS = DEBUG;
				SWIFT_OPTIMIZATION_LEVEL = "-Onone";
			};
			name = Debug;
		};
		85906D4F2899F6D3001468AE /* Release */ = {
			isa = XCBuildConfiguration;
			buildSettings = {
				ALWAYS_SEARCH_USER_PATHS = NO;
				CLANG_ANALYZER_NONNULL = YES;
				CLANG_ANALYZER_NUMBER_OBJECT_CONVERSION = YES_AGGRESSIVE;
				CLANG_CXX_LANGUAGE_STANDARD = "gnu++17";
				CLANG_ENABLE_MODULES = YES;
				CLANG_ENABLE_OBJC_ARC = YES;
				CLANG_ENABLE_OBJC_WEAK = YES;
				CLANG_WARN_BLOCK_CAPTURE_AUTORELEASING = YES;
				CLANG_WARN_BOOL_CONVERSION = YES;
				CLANG_WARN_COMMA = YES;
				CLANG_WARN_CONSTANT_CONVERSION = YES;
				CLANG_WARN_DEPRECATED_OBJC_IMPLEMENTATIONS = YES;
				CLANG_WARN_DIRECT_OBJC_ISA_USAGE = YES_ERROR;
				CLANG_WARN_DOCUMENTATION_COMMENTS = YES;
				CLANG_WARN_EMPTY_BODY = YES;
				CLANG_WARN_ENUM_CONVERSION = YES;
				CLANG_WARN_INFINITE_RECURSION = YES;
				CLANG_WARN_INT_CONVERSION = YES;
				CLANG_WARN_NON_LITERAL_NULL_CONVERSION = YES;
				CLANG_WARN_OBJC_IMPLICIT_RETAIN_SELF = YES;
				CLANG_WARN_OBJC_LITERAL_CONVERSION = YES;
				CLANG_WARN_OBJC_ROOT_CLASS = YES_ERROR;
				CLANG_WARN_QUOTED_INCLUDE_IN_FRAMEWORK_HEADER = YES;
				CLANG_WARN_RANGE_LOOP_ANALYSIS = YES;
				CLANG_WARN_STRICT_PROTOTYPES = YES;
				CLANG_WARN_SUSPICIOUS_MOVE = YES;
				CLANG_WARN_UNGUARDED_AVAILABILITY = YES_AGGRESSIVE;
				CLANG_WARN_UNREACHABLE_CODE = YES;
				CLANG_WARN__DUPLICATE_METHOD_MATCH = YES;
				COPY_PHASE_STRIP = NO;
				DEBUG_INFORMATION_FORMAT = "dwarf-with-dsym";
				ENABLE_NS_ASSERTIONS = NO;
				ENABLE_STRICT_OBJC_MSGSEND = YES;
				GCC_C_LANGUAGE_STANDARD = gnu11;
				GCC_NO_COMMON_BLOCKS = YES;
				GCC_WARN_64_TO_32_BIT_CONVERSION = YES;
				GCC_WARN_ABOUT_RETURN_TYPE = YES_ERROR;
				GCC_WARN_UNDECLARED_SELECTOR = YES;
				GCC_WARN_UNINITIALIZED_AUTOS = YES_AGGRESSIVE;
				GCC_WARN_UNUSED_FUNCTION = YES;
				GCC_WARN_UNUSED_VARIABLE = YES;
				IPHONEOS_DEPLOYMENT_TARGET = 15.5;
				MTL_ENABLE_DEBUG_INFO = NO;
				MTL_FAST_MATH = YES;
				SDKROOT = iphoneos;
				SWIFT_COMPILATION_MODE = wholemodule;
				SWIFT_OPTIMIZATION_LEVEL = "-O";
				VALIDATE_PRODUCT = YES;
			};
			name = Release;
		};
		85906D512899F6D3001468AE /* Debug */ = {
			isa = XCBuildConfiguration;
			buildSettings = {
				ASSETCATALOG_COMPILER_APPICON_NAME = AppIcon;
				ASSETCATALOG_COMPILER_GLOBAL_ACCENT_COLOR_NAME = AccentColor;
				CODE_SIGN_STYLE = Automatic;
				CURRENT_PROJECT_VERSION = 1;
				DEVELOPMENT_TEAM = 3K4KWAG7KD;
				GENERATE_INFOPLIST_FILE = YES;
				INFOPLIST_FILE = TMDBProject/Info.plist;
				INFOPLIST_KEY_NSLocationWhenInUseUsageDescription = "사용자의 현재 위치 기반으로 주변의 영화관 정보를 보여주기 위해서 권한이 필요합니다.";
				INFOPLIST_KEY_UIApplicationSupportsIndirectInputEvents = YES;
				INFOPLIST_KEY_UILaunchStoryboardName = LaunchScreen;
				INFOPLIST_KEY_UIMainStoryboardFile = List;
				INFOPLIST_KEY_UISupportedInterfaceOrientations = UIInterfaceOrientationPortrait;
				INFOPLIST_KEY_UISupportedInterfaceOrientations_iPad = "UIInterfaceOrientationPortrait UIInterfaceOrientationPortraitUpsideDown UIInterfaceOrientationLandscapeLeft UIInterfaceOrientationLandscapeRight";
				INFOPLIST_KEY_UISupportedInterfaceOrientations_iPhone = "UIInterfaceOrientationPortrait UIInterfaceOrientationLandscapeLeft UIInterfaceOrientationLandscapeRight";
				INFOPLIST_KEY_UIUserInterfaceStyle = Light;
				IPHONEOS_DEPLOYMENT_TARGET = 15.0;
				LD_RUNPATH_SEARCH_PATHS = (
					"$(inherited)",
					"@executable_path/Frameworks",
				);
				MARKETING_VERSION = 1.0;
				PRODUCT_BUNDLE_IDENTIFIER = com.hano..TMDBProject;
				PRODUCT_NAME = "$(TARGET_NAME)";
				SWIFT_EMIT_LOC_STRINGS = YES;
				SWIFT_VERSION = 5.0;
				TARGETED_DEVICE_FAMILY = "1,2";
			};
			name = Debug;
		};
		85906D522899F6D3001468AE /* Release */ = {
			isa = XCBuildConfiguration;
			buildSettings = {
				ASSETCATALOG_COMPILER_APPICON_NAME = AppIcon;
				ASSETCATALOG_COMPILER_GLOBAL_ACCENT_COLOR_NAME = AccentColor;
				CODE_SIGN_STYLE = Automatic;
				CURRENT_PROJECT_VERSION = 1;
				DEVELOPMENT_TEAM = 3K4KWAG7KD;
				GENERATE_INFOPLIST_FILE = YES;
				INFOPLIST_FILE = TMDBProject/Info.plist;
				INFOPLIST_KEY_NSLocationWhenInUseUsageDescription = "사용자의 현재 위치 기반으로 주변의 영화관 정보를 보여주기 위해서 권한이 필요합니다.";
				INFOPLIST_KEY_UIApplicationSupportsIndirectInputEvents = YES;
				INFOPLIST_KEY_UILaunchStoryboardName = LaunchScreen;
				INFOPLIST_KEY_UIMainStoryboardFile = List;
				INFOPLIST_KEY_UISupportedInterfaceOrientations = UIInterfaceOrientationPortrait;
				INFOPLIST_KEY_UISupportedInterfaceOrientations_iPad = "UIInterfaceOrientationPortrait UIInterfaceOrientationPortraitUpsideDown UIInterfaceOrientationLandscapeLeft UIInterfaceOrientationLandscapeRight";
				INFOPLIST_KEY_UISupportedInterfaceOrientations_iPhone = "UIInterfaceOrientationPortrait UIInterfaceOrientationLandscapeLeft UIInterfaceOrientationLandscapeRight";
				INFOPLIST_KEY_UIUserInterfaceStyle = Light;
				IPHONEOS_DEPLOYMENT_TARGET = 15.0;
				LD_RUNPATH_SEARCH_PATHS = (
					"$(inherited)",
					"@executable_path/Frameworks",
				);
				MARKETING_VERSION = 1.0;
				PRODUCT_BUNDLE_IDENTIFIER = com.hano..TMDBProject;
				PRODUCT_NAME = "$(TARGET_NAME)";
				SWIFT_EMIT_LOC_STRINGS = YES;
				SWIFT_VERSION = 5.0;
				TARGETED_DEVICE_FAMILY = "1,2";
			};
			name = Release;
		};
/* End XCBuildConfiguration section */

/* Begin XCConfigurationList section */
		85906D372899F6D2001468AE /* Build configuration list for PBXProject "TMDBProject" */ = {
			isa = XCConfigurationList;
			buildConfigurations = (
				85906D4E2899F6D3001468AE /* Debug */,
				85906D4F2899F6D3001468AE /* Release */,
			);
			defaultConfigurationIsVisible = 0;
			defaultConfigurationName = Release;
		};
		85906D502899F6D3001468AE /* Build configuration list for PBXNativeTarget "TMDBProject" */ = {
			isa = XCConfigurationList;
			buildConfigurations = (
				85906D512899F6D3001468AE /* Debug */,
				85906D522899F6D3001468AE /* Release */,
			);
			defaultConfigurationIsVisible = 0;
			defaultConfigurationName = Release;
		};
/* End XCConfigurationList section */

/* Begin XCRemoteSwiftPackageReference section */
		85906D89289A58B4001468AE /* XCRemoteSwiftPackageReference "Kingfisher" */ = {
			isa = XCRemoteSwiftPackageReference;
			repositoryURL = "https://github.com/onevcat/Kingfisher.git";
			requirement = {
				kind = upToNextMajorVersion;
				minimumVersion = 7.0.0;
			};
		};
		85906D8C289A58D4001468AE /* XCRemoteSwiftPackageReference "Alamofire" */ = {
			isa = XCRemoteSwiftPackageReference;
			repositoryURL = "https://github.com/Alamofire/Alamofire.git";
			requirement = {
				kind = upToNextMajorVersion;
				minimumVersion = 5.0.0;
			};
		};
		85906D8F289A58E6001468AE /* XCRemoteSwiftPackageReference "SwiftyJSON" */ = {
			isa = XCRemoteSwiftPackageReference;
			repositoryURL = "https://github.com/SwiftyJSON/SwiftyJSON.git";
			requirement = {
				kind = upToNextMajorVersion;
				minimumVersion = 5.0.0;
			};
		};
/* End XCRemoteSwiftPackageReference section */

/* Begin XCSwiftPackageProductDependency section */
		85906D8A289A58B4001468AE /* Kingfisher */ = {
			isa = XCSwiftPackageProductDependency;
			package = 85906D89289A58B4001468AE /* XCRemoteSwiftPackageReference "Kingfisher" */;
			productName = Kingfisher;
		};
		85906D8D289A58D4001468AE /* Alamofire */ = {
			isa = XCSwiftPackageProductDependency;
			package = 85906D8C289A58D4001468AE /* XCRemoteSwiftPackageReference "Alamofire" */;
			productName = Alamofire;
		};
		85906D90289A58E6001468AE /* SwiftyJSON */ = {
			isa = XCSwiftPackageProductDependency;
			package = 85906D8F289A58E6001468AE /* XCRemoteSwiftPackageReference "SwiftyJSON" */;
			productName = SwiftyJSON;
		};
/* End XCSwiftPackageProductDependency section */
	};
	rootObject = 85906D342899F6D2001468AE /* Project object */;
}
